
Microsoft Visual Studio Solution File, Format Version 12.00
# Visual Studio Version 17
VisualStudioVersion = 17.7.34202.233
MinimumVisualStudioVersion = 10.0.40219.1
Project("{9A19103F-16F7-4668-BE54-9A1E7A4F7556}") = "EMS_WebAPP", "EMS_WebAPP\EMS_WebAPP.csproj", "{1D783E3C-0A46-4933-9D65-62158A19F697}"
EndProject
Global
	GlobalSection(SolutionConfigurationPlatforms) = preSolution
		Debug|Any CPU = Debug|Any CPU
		Release|Any CPU = Release|Any CPU
	EndGlobalSection
	GlobalSection(ProjectConfigurationPlatforms) = postSolution
		{1D783E3C-0A46-4933-9D65-62158A19F697}.Debug|Any CPU.ActiveCfg = Debug|Any CPU
		{1D783E3C-0A46-4933-9D65-62158A19F697}.Debug|Any CPU.Build.0 = Debug|Any CPU
		{1D783E3C-0A46-4933-9D65-62158A19F697}.Release|Any CPU.ActiveCfg = Release|Any CPU
		{1D783E3C-0A46-4933-9D65-62158A19F697}.Release|Any CPU.Build.0 = Release|Any CPU
	EndGlobalSection
	GlobalSection(SolutionProperties) = preSolution
		HideSolutionNode = FALSE
	EndGlobalSection
	GlobalSection(ExtensibilityGlobals) = postSolution
		SolutionGuid = {39FAE0D8-E7E3-4261-92B4-626E5C84674B}
	EndGlobalSection
EndGlobal
